lockfileVersion: '9.0'

settings:
  autoInstallPeers: true
  excludeLinksFromLockfile: false

importers:

  .:
    dependencies:
      '@aws-sdk/client-ses':
        specifier: ^3.687.0
        version: 3.687.0
      serverless:
        specifier: ^4.4.7
        version: 4.4.7
    devDependencies:
      '@haftahave/serverless-ses-template':
        specifier: ^4.0.0
        version: 4.0.7

packages:

  '@aws-crypto/sha256-browser@5.2.0':
    resolution: {integrity: sha512-AXfN/lGotSQwu6HNcEsIASo7kWXZ5HYWvfOmSNKDsEqC4OashTp8alTmaz+F7TC2L083SFv5RdB+qU3Vs1kZqw==}

  '@aws-crypto/sha256-js@5.2.0':
    resolution: {integrity: sha512-FFQQyu7edu4ufvIZ+OadFpHHOt+eSTBaYaki44c+akjg7qZg9oOQeLlk77F6tSYqjDAFClrHJk9tMf0HdVyOvA==}
    engines: {node: '>=16.0.0'}

  '@aws-crypto/supports-web-crypto@5.2.0':
    resolution: {integrity: sha512-iAvUotm021kM33eCdNfwIN//F77/IADDSs58i+MDaOqFrVjZo9bAal0NK7HurRuWLLpF1iLX7gbWrjHjeo+YFg==}

  '@aws-crypto/util@5.2.0':
    resolution: {integrity: sha512-4RkU9EsI6ZpBve5fseQlGNUWKMa1RLPQ1dnjnQoe07ldfIzcsGb5hC5W0Dm7u423KWzawlrpbjXBrXCEv9zazQ==}

  '@aws-sdk/client-ses@3.687.0':
    resolution: {integrity: sha512-KJrv0sfyE12Ilx4Kw9WfSIBAmRCygkSsPQTF1qIsOYq+sJPxDiDWoeNe6ku8NPv3DTCS13VhoqptPrfga29GLw==}
    engines: {node: '>=16.0.0'}

  '@aws-sdk/client-sso-oidc@3.687.0':
    resolution: {integrity: sha512-Rdd8kLeTeh+L5ZuG4WQnWgYgdv7NorytKdZsGjiag1D8Wv3PcJvPqqWdgnI0Og717BSXVoaTYaN34FyqFYSx6Q==}
    engines: {node: '>=16.0.0'}
    peerDependencies:
      '@aws-sdk/client-sts': ^3.687.0

  '@aws-sdk/client-sso@3.687.0':
    resolution: {integrity: sha512-dfj0y9fQyX4kFill/ZG0BqBTLQILKlL7+O5M4F9xlsh2WNuV2St6WtcOg14Y1j5UODPJiJs//pO+mD1lihT5Kw==}
    engines: {node: '>=16.0.0'}

  '@aws-sdk/client-sts@3.687.0':
    resolution: {integrity: sha512-SQjDH8O4XCTtouuCVYggB0cCCrIaTzUZIkgJUpOsIEJBLlTbNOb/BZqUShAQw2o9vxr2rCeOGjAQOYPysW/Pmg==}
    engines: {node: '>=16.0.0'}

  '@aws-sdk/core@3.686.0':
    resolution: {integrity: sha512-Xt3DV4DnAT3v2WURwzTxWQK34Ew+iiLzoUoguvLaZrVMFOqMMrwVjP+sizqIaHp1j7rGmFcN5I8saXnsDLuQLA==}
    engines: {node: '>=16.0.0'}

  '@aws-sdk/credential-provider-env@3.686.0':
    resolution: {integrity: sha512-osD7lPO8OREkgxPiTWmA1i6XEmOth1uW9HWWj/+A2YGCj1G/t2sHu931w4Qj9NWHYZtbTTXQYVRg+TErALV7nQ==}
    engines: {node: '>=16.0.0'}

  '@aws-sdk/credential-provider-http@3.686.0':
    resolution: {integrity: sha512-xyGAD/f3vR/wssUiZrNFWQWXZvI4zRm2wpHhoHA1cC2fbRMNFYtFn365yw6dU7l00ZLcdFB1H119AYIUZS7xbw==}
    engines: {node: '>=16.0.0'}

  '@aws-sdk/credential-provider-ini@3.687.0':
    resolution: {integrity: sha512-6d5ZJeZch+ZosJccksN0PuXv7OSnYEmanGCnbhUqmUSz9uaVX6knZZfHCZJRgNcfSqg9QC0zsFA/51W5HCUqSQ==}
    engines: {node: '>=16.0.0'}
    peerDependencies:
      '@aws-sdk/client-sts': ^3.687.0

  '@aws-sdk/credential-provider-node@3.687.0':
    resolution: {integrity: sha512-Pqld8Nx11NYaBUrVk3bYiGGpLCxkz8iTONlpQWoVWFhSOzlO7zloNOaYbD2XgFjjqhjlKzE91drs/f41uGeCTA==}
    engines: {node: '>=16.0.0'}

  '@aws-sdk/credential-provider-process@3.686.0':
    resolution: {integrity: sha512-sXqaAgyzMOc+dm4CnzAR5Q6S9OWVHyZjLfW6IQkmGjqeQXmZl24c4E82+w64C+CTkJrFLzH1VNOYp1Hy5gE6Qw==}
    engines: {node: '>=16.0.0'}

  '@aws-sdk/credential-provider-sso@3.687.0':
    resolution: {integrity: sha512-N1YCoE7DovIRF2ReyRrA4PZzF0WNi4ObPwdQQkVxhvSm7PwjbWxrfq7rpYB+6YB1Uq3QPzgVwUFONE36rdpxUQ==}
    engines: {node: '>=16.0.0'}

  '@aws-sdk/credential-provider-web-identity@3.686.0':
    resolution: {integrity: sha512-40UqCpPxyHCXDP7CGd9JIOZDgDZf+u1OyLaGBpjQJlz1HYuEsIWnnbTe29Yg3Ah/Zc3g4NBWcUdlGVotlnpnDg==}
    engines: {node: '>=16.0.0'}
    peerDependencies:
      '@aws-sdk/client-sts': ^3.686.0

  '@aws-sdk/middleware-host-header@3.686.0':
    resolution: {integrity: sha512-+Yc6rO02z+yhFbHmRZGvEw1vmzf/ifS9a4aBjJGeVVU+ZxaUvnk+IUZWrj4YQopUQ+bSujmMUzJLXSkbDq7yuw==}
    engines: {node: '>=16.0.0'}

  '@aws-sdk/middleware-logger@3.686.0':
    resolution: {integrity: sha512-cX43ODfA2+SPdX7VRxu6gXk4t4bdVJ9pkktbfnkE5t27OlwNfvSGGhnHrQL8xTOFeyQ+3T+oowf26gf1OI+vIg==}
    engines: {node: '>=16.0.0'}

  '@aws-sdk/middleware-recursion-detection@3.686.0':
    resolution: {integrity: sha512-jF9hQ162xLgp9zZ/3w5RUNhmwVnXDBlABEUX8jCgzaFpaa742qR/KKtjjZQ6jMbQnP+8fOCSXFAVNMU+s6v81w==}
    engines: {node: '>=16.0.0'}

  '@aws-sdk/middleware-user-agent@3.687.0':
    resolution: {integrity: sha512-nUgsKiEinyA50CaDXojAkOasAU3Apdg7Qox6IjNUC4ZjgOu7QWsCDB5N28AYMUt06cNYeYQdfMX1aEzG85a1Mg==}
    engines: {node: '>=16.0.0'}

  '@aws-sdk/region-config-resolver@3.686.0':
    resolution: {integrity: sha512-6zXD3bSD8tcsMAVVwO1gO7rI1uy2fCD3czgawuPGPopeLiPpo6/3FoUWCQzk2nvEhj7p9Z4BbjwZGSlRkVrXTw==}
    engines: {node: '>=16.0.0'}

  '@aws-sdk/token-providers@3.686.0':
    resolution: {integrity: sha512-9oL4kTCSePFmyKPskibeiOXV6qavPZ63/kXM9Wh9V6dTSvBtLeNnMxqGvENGKJcTdIgtoqyqA6ET9u0PJ5IRIg==}
    engines: {node: '>=16.0.0'}
    peerDependencies:
      '@aws-sdk/client-sso-oidc': ^3.686.0

  '@aws-sdk/types@3.686.0':
    resolution: {integrity: sha512-xFnrb3wxOoJcW2Xrh63ZgFo5buIu9DF7bOHnwoUxHdNpUXicUh0AHw85TjXxyxIAd0d1psY/DU7QHoNI3OswgQ==}
    engines: {node: '>=16.0.0'}

  '@aws-sdk/util-endpoints@3.686.0':
    resolution: {integrity: sha512-7msZE2oYl+6QYeeRBjlDgxQUhq/XRky3cXE0FqLFs2muLS7XSuQEXkpOXB3R782ygAP6JX0kmBxPTLurRTikZg==}
    engines: {node: '>=16.0.0'}

  '@aws-sdk/util-locate-window@3.679.0':
    resolution: {integrity: sha512-zKTd48/ZWrCplkXpYDABI74rQlbR0DNHs8nH95htfSLj9/mWRSwaGptoxwcihaq/77vi/fl2X3y0a1Bo8bt7RA==}
    engines: {node: '>=16.0.0'}

  '@aws-sdk/util-user-agent-browser@3.686.0':
    resolution: {integrity: sha512-YiQXeGYZegF1b7B2GOR61orhgv79qmI0z7+Agm3NXLO6hGfVV3kFUJbXnjtH1BgWo5hbZYW7HQ2omGb3dnb6Lg==}

  '@aws-sdk/util-user-agent-node@3.687.0':
    resolution: {integrity: sha512-idkP6ojSTZ4ek1pJ8wIN7r9U3KR5dn0IkJn3KQBXQ58LWjkRqLtft2vxzdsktWwhPKjjmIKl1S0kbvqLawf8XQ==}
    engines: {node: '>=16.0.0'}
    peerDependencies:
      aws-crt: '>=1.0.0'
    peerDependenciesMeta:
      aws-crt:
        optional: true

  '@haftahave/serverless-ses-template@4.0.7':
    resolution: {integrity: sha512-wofLpBavsI6ZZ9krxE0wlQnIZKOZp4kYoixyY+rO1kNs1FNIt7wmrk4LPYPo0zF3eYVOraHJs1agf6YUWvfZqw==}
    engines: {node: '>= 14.15.4', npm: '>= 6.14.4'}

  '@isaacs/cliui@8.0.2':
    resolution: {integrity: sha512-O8jcjabXaleOG9DQ0+ARXWZBTfnP4WNAqzuiJK7ll44AmxGKv/J2M4TPjxjY3znBCfvBXFzucm1twdyFybFqEA==}
    engines: {node: '>=12'}

  '@pkgjs/parseargs@0.11.0':
    resolution: {integrity: sha512-+1VkjdD0QBLPodGrJUeqarH8VAIvQODIbwh9XpP5Syisf7YoQgsJKPNFoqqLQlu+VQ/tVSshMR6loPMn8U+dPg==}
    engines: {node: '>=14'}

  '@smithy/abort-controller@3.1.6':
    resolution: {integrity: sha512-0XuhuHQlEqbNQZp7QxxrFTdVWdwxch4vjxYgfInF91hZFkPxf9QDrdQka0KfxFMPqLNzSw0b95uGTrLliQUavQ==}
    engines: {node: '>=16.0.0'}

  '@smithy/config-resolver@3.0.10':
    resolution: {integrity: sha512-Uh0Sz9gdUuz538nvkPiyv1DZRX9+D15EKDtnQP5rYVAzM/dnYk3P8cg73jcxyOitPgT3mE3OVj7ky7sibzHWkw==}
    engines: {node: '>=16.0.0'}

  '@smithy/core@2.5.1':
    resolution: {integrity: sha512-DujtuDA7BGEKExJ05W5OdxCoyekcKT3Rhg1ZGeiUWaz2BJIWXjZmsG/DIP4W48GHno7AQwRsaCb8NcBgH3QZpg==}
    engines: {node: '>=16.0.0'}

  '@smithy/credential-provider-imds@3.2.5':
    resolution: {integrity: sha512-4FTQGAsuwqTzVMmiRVTn0RR9GrbRfkP0wfu/tXWVHd2LgNpTY0uglQpIScXK4NaEyXbB3JmZt8gfVqO50lP8wg==}
    engines: {node: '>=16.0.0'}

  '@smithy/fetch-http-handler@4.0.0':
    resolution: {integrity: sha512-MLb1f5tbBO2X6K4lMEKJvxeLooyg7guq48C2zKr4qM7F2Gpkz4dc+hdSgu77pCJ76jVqFBjZczHYAs6dp15N+g==}

  '@smithy/hash-node@3.0.8':
    resolution: {integrity: sha512-tlNQYbfpWXHimHqrvgo14DrMAgUBua/cNoz9fMYcDmYej7MAmUcjav/QKQbFc3NrcPxeJ7QClER4tWZmfwoPng==}
    engines: {node: '>=16.0.0'}

  '@smithy/invalid-dependency@3.0.8':
    resolution: {integrity: sha512-7Qynk6NWtTQhnGTTZwks++nJhQ1O54Mzi7fz4PqZOiYXb4Z1Flpb2yRvdALoggTS8xjtohWUM+RygOtB30YL3Q==}

  '@smithy/is-array-buffer@2.2.0':
    resolution: {integrity: sha512-GGP3O9QFD24uGeAXYUjwSTXARoqpZykHadOmA8G5vfJPK0/DC67qa//0qvqrJzL1xc8WQWX7/yc7fwudjPHPhA==}
    engines: {node: '>=14.0.0'}

  '@smithy/is-array-buffer@3.0.0':
    resolution: {integrity: sha512-+Fsu6Q6C4RSJiy81Y8eApjEB5gVtM+oFKTffg+jSuwtvomJJrhUJBu2zS8wjXSgH/g1MKEWrzyChTBe6clb5FQ==}
    engines: {node: '>=16.0.0'}

  '@smithy/middleware-content-length@3.0.10':
    resolution: {integrity: sha512-T4dIdCs1d/+/qMpwhJ1DzOhxCZjZHbHazEPJWdB4GDi2HjIZllVzeBEcdJUN0fomV8DURsgOyrbEUzg3vzTaOg==}
    engines: {node: '>=16.0.0'}

  '@smithy/middleware-endpoint@3.2.1':
    resolution: {integrity: sha512-wWO3xYmFm6WRW8VsEJ5oU6h7aosFXfszlz3Dj176pTij6o21oZnzkCLzShfmRaaCHDkBXWBdO0c4sQAvLFP6zA==}
    engines: {node: '>=16.0.0'}

  '@smithy/middleware-retry@3.0.25':
    resolution: {integrity: sha512-m1F70cPaMBML4HiTgCw5I+jFNtjgz5z5UdGnUbG37vw6kh4UvizFYjqJGHvicfgKMkDL6mXwyPp5mhZg02g5sg==}
    engines: {node: '>=16.0.0'}

  '@smithy/middleware-serde@3.0.8':
    resolution: {integrity: sha512-Xg2jK9Wc/1g/MBMP/EUn2DLspN8LNt+GMe7cgF+Ty3vl+Zvu+VeZU5nmhveU+H8pxyTsjrAkci8NqY6OuvZnjA==}
    engines: {node: '>=16.0.0'}

  '@smithy/middleware-stack@3.0.8':
    resolution: {integrity: sha512-d7ZuwvYgp1+3682Nx0MD3D/HtkmZd49N3JUndYWQXfRZrYEnCWYc8BHcNmVsPAp9gKvlurdg/mubE6b/rPS9MA==}
    engines: {node: '>=16.0.0'}

  '@smithy/node-config-provider@3.1.9':
    resolution: {integrity: sha512-qRHoah49QJ71eemjuS/WhUXB+mpNtwHRWQr77J/m40ewBVVwvo52kYAmb7iuaECgGTTcYxHS4Wmewfwy++ueew==}
    engines: {node: '>=16.0.0'}

  '@smithy/node-http-handler@3.2.5':
    resolution: {integrity: sha512-PkOwPNeKdvX/jCpn0A8n9/TyoxjGZB8WVoJmm9YzsnAgggTj4CrjpRHlTQw7dlLZ320n1mY1y+nTRUDViKi/3w==}
    engines: {node: '>=16.0.0'}

  '@smithy/property-provider@3.1.8':
    resolution: {integrity: sha512-ukNUyo6rHmusG64lmkjFeXemwYuKge1BJ8CtpVKmrxQxc6rhUX0vebcptFA9MmrGsnLhwnnqeH83VTU9hwOpjA==}
    engines: {node: '>=16.0.0'}

  '@smithy/protocol-http@4.1.5':
    resolution: {integrity: sha512-hsjtwpIemmCkm3ZV5fd/T0bPIugW1gJXwZ/hpuVubt2hEUApIoUTrf6qIdh9MAWlw0vjMrA1ztJLAwtNaZogvg==}
    engines: {node: '>=16.0.0'}

  '@smithy/querystring-builder@3.0.8':
    resolution: {integrity: sha512-btYxGVqFUARbUrN6VhL9c3dnSviIwBYD9Rz1jHuN1hgh28Fpv2xjU1HeCeDJX68xctz7r4l1PBnFhGg1WBBPuA==}
    engines: {node: '>=16.0.0'}

  '@smithy/querystring-parser@3.0.8':
    resolution: {integrity: sha512-BtEk3FG7Ks64GAbt+JnKqwuobJNX8VmFLBsKIwWr1D60T426fGrV2L3YS5siOcUhhp6/Y6yhBw1PSPxA5p7qGg==}
    engines: {node: '>=16.0.0'}

  '@smithy/service-error-classification@3.0.8':
    resolution: {integrity: sha512-uEC/kCCFto83bz5ZzapcrgGqHOh/0r69sZ2ZuHlgoD5kYgXJEThCoTuw/y1Ub3cE7aaKdznb+jD9xRPIfIwD7g==}
    engines: {node: '>=16.0.0'}

  '@smithy/shared-ini-file-loader@3.1.9':
    resolution: {integrity: sha512-/+OsJRNtoRbtsX0UpSgWVxFZLsJHo/4sTr+kBg/J78sr7iC+tHeOvOJrS5hCpVQ6sWBbhWLp1UNiuMyZhE6pmA==}
    engines: {node: '>=16.0.0'}

  '@smithy/signature-v4@4.2.1':
    resolution: {integrity: sha512-NsV1jF4EvmO5wqmaSzlnTVetemBS3FZHdyc5CExbDljcyJCEEkJr8ANu2JvtNbVg/9MvKAWV44kTrGS+Pi4INg==}
    engines: {node: '>=16.0.0'}

  '@smithy/smithy-client@3.4.2':
    resolution: {integrity: sha512-dxw1BDxJiY9/zI3cBqfVrInij6ShjpV4fmGHesGZZUiP9OSE/EVfdwdRz0PgvkEvrZHpsj2htRaHJfftE8giBA==}
    engines: {node: '>=16.0.0'}

  '@smithy/types@3.6.0':
    resolution: {integrity: sha512-8VXK/KzOHefoC65yRgCn5vG1cysPJjHnOVt9d0ybFQSmJgQj152vMn4EkYhGuaOmnnZvCPav/KnYyE6/KsNZ2w==}
    engines: {node: '>=16.0.0'}

  '@smithy/url-parser@3.0.8':
    resolution: {integrity: sha512-4FdOhwpTW7jtSFWm7SpfLGKIBC9ZaTKG5nBF0wK24aoQKQyDIKUw3+KFWCQ9maMzrgTJIuOvOnsV2lLGW5XjTg==}

  '@smithy/util-base64@3.0.0':
    resolution: {integrity: sha512-Kxvoh5Qtt0CDsfajiZOCpJxgtPHXOKwmM+Zy4waD43UoEMA+qPxxa98aE/7ZhdnBFZFXMOiBR5xbcaMhLtznQQ==}
    engines: {node: '>=16.0.0'}

  '@smithy/util-body-length-browser@3.0.0':
    resolution: {integrity: sha512-cbjJs2A1mLYmqmyVl80uoLTJhAcfzMOyPgjwAYusWKMdLeNtzmMz9YxNl3/jRLoxSS3wkqkf0jwNdtXWtyEBaQ==}

  '@smithy/util-body-length-node@3.0.0':
    resolution: {integrity: sha512-Tj7pZ4bUloNUP6PzwhN7K386tmSmEET9QtQg0TgdNOnxhZvCssHji+oZTUIuzxECRfG8rdm2PMw2WCFs6eIYkA==}
    engines: {node: '>=16.0.0'}

  '@smithy/util-buffer-from@2.2.0':
    resolution: {integrity: sha512-IJdWBbTcMQ6DA0gdNhh/BwrLkDR+ADW5Kr1aZmd4k3DIF6ezMV4R2NIAmT08wQJ3yUK82thHWmC/TnK/wpMMIA==}
    engines: {node: '>=14.0.0'}

  '@smithy/util-buffer-from@3.0.0':
    resolution: {integrity: sha512-aEOHCgq5RWFbP+UDPvPot26EJHjOC+bRgse5A8V3FSShqd5E5UN4qc7zkwsvJPPAVsf73QwYcHN1/gt/rtLwQA==}
    engines: {node: '>=16.0.0'}

  '@smithy/util-config-provider@3.0.0':
    resolution: {integrity: sha512-pbjk4s0fwq3Di/ANL+rCvJMKM5bzAQdE5S/6RL5NXgMExFAi6UgQMPOm5yPaIWPpr+EOXKXRonJ3FoxKf4mCJQ==}
    engines: {node: '>=16.0.0'}

  '@smithy/util-defaults-mode-browser@3.0.25':
    resolution: {integrity: sha512-fRw7zymjIDt6XxIsLwfJfYUfbGoO9CmCJk6rjJ/X5cd20+d2Is7xjU5Kt/AiDt6hX8DAf5dztmfP5O82gR9emA==}
    engines: {node: '>= 10.0.0'}

  '@smithy/util-defaults-mode-node@3.0.25':
    resolution: {integrity: sha512-H3BSZdBDiVZGzt8TG51Pd2FvFO0PAx/A0mJ0EH8a13KJ6iUCdYnw/Dk/MdC1kTd0eUuUGisDFaxXVXo4HHFL1g==}
    engines: {node: '>= 10.0.0'}

  '@smithy/util-endpoints@2.1.4':
    resolution: {integrity: sha512-kPt8j4emm7rdMWQyL0F89o92q10gvCUa6sBkBtDJ7nV2+P7wpXczzOfoDJ49CKXe5CCqb8dc1W+ZdLlrKzSAnQ==}
    engines: {node: '>=16.0.0'}

  '@smithy/util-hex-encoding@3.0.0':
    resolution: {integrity: sha512-eFndh1WEK5YMUYvy3lPlVmYY/fZcQE1D8oSf41Id2vCeIkKJXPcYDCZD+4+xViI6b1XSd7tE+s5AmXzz5ilabQ==}
    engines: {node: '>=16.0.0'}

  '@smithy/util-middleware@3.0.8':
    resolution: {integrity: sha512-p7iYAPaQjoeM+AKABpYWeDdtwQNxasr4aXQEA/OmbOaug9V0odRVDy3Wx4ci8soljE/JXQo+abV0qZpW8NX0yA==}
    engines: {node: '>=16.0.0'}

  '@smithy/util-retry@3.0.8':
    resolution: {integrity: sha512-TCEhLnY581YJ+g1x0hapPz13JFqzmh/pMWL2KEFASC51qCfw3+Y47MrTmea4bUE5vsdxQ4F6/KFbUeSz22Q1ow==}
    engines: {node: '>=16.0.0'}

  '@smithy/util-stream@3.2.1':
    resolution: {integrity: sha512-R3ufuzJRxSJbE58K9AEnL/uSZyVdHzud9wLS8tIbXclxKzoe09CRohj2xV8wpx5tj7ZbiJaKYcutMm1eYgz/0A==}
    engines: {node: '>=16.0.0'}

  '@smithy/util-uri-escape@3.0.0':
    resolution: {integrity: sha512-LqR7qYLgZTD7nWLBecUi4aqolw8Mhza9ArpNEQ881MJJIU2sE5iHCK6TdyqqzcDLy0OPe10IY4T8ctVdtynubg==}
    engines: {node: '>=16.0.0'}

  '@smithy/util-utf8@2.3.0':
    resolution: {integrity: sha512-R8Rdn8Hy72KKcebgLiv8jQcQkXoLMOGGv5uI1/k0l+snqkOzQ1R0ChUBCxWMlBsFMekWjq0wRudIweFs7sKT5A==}
    engines: {node: '>=14.0.0'}

  '@smithy/util-utf8@3.0.0':
    resolution: {integrity: sha512-rUeT12bxFnplYDe815GXbq/oixEGHfRFFtcTF3YdDi/JaENIM6aSYYLJydG83UNzLXeRI5K8abYd/8Sp/QM0kA==}
    engines: {node: '>=16.0.0'}

  '@smithy/util-waiter@3.1.7':
    resolution: {integrity: sha512-d5yGlQtmN/z5eoTtIYgkvOw27US2Ous4VycnXatyoImIF9tzlcpnKqQ/V7qhvJmb2p6xZne1NopCLakdTnkBBQ==}
    engines: {node: '>=16.0.0'}

  ansi-regex@5.0.1:
    resolution: {integrity: sha512-quJQXlTSUGL2LH9SUXo8VwsY4soanhgo6LNSm84E1LBcE8s3O0wpdiRzyR9z/ZZJMlMWv37qOOb9pdJlMUEKFQ==}
    engines: {node: '>=8'}

  ansi-regex@6.1.0:
    resolution: {integrity: sha512-7HSX4QQb4CspciLpVFwyRe79O3xsIZDDLER21kERQ71oaPodF8jL725AgJMFAYbooIqolJoRLuM81SpeUkpkvA==}
    engines: {node: '>=12'}

  ansi-styles@4.3.0:
    resolution: {integrity: sha512-zbB9rCJAT1rbjiVDb2hqKFHNYLxgtk8NURxZ3IZwD3F6NtxbXZQCnnSi1Lkx+IDohdPlFp222wVALIheZJQSEg==}
    engines: {node: '>=8'}

  ansi-styles@6.2.1:
    resolution: {integrity: sha512-bN798gFfQX+viw3R7yrGWRqnrN2oRkEkUjjl4JNn4E8GxxbjtG3FbrEIIY3l8/hrwUwIeCZvi4QuOTP4MErVug==}
    engines: {node: '>=12'}

  asynckit@0.4.0:
    resolution: {integrity: sha512-Oei9OH4tRh0YqU3GxhX79dM/mwVgvbZJaSNaRk+bshkj0S5cfHcgYakreBjrHwatXKbz+IoIdYLxrKim2MjW0Q==}

  axios-proxy-builder@0.1.2:
    resolution: {integrity: sha512-6uBVsBZzkB3tCC8iyx59mCjQckhB8+GQrI9Cop8eC7ybIsvs/KtnNgEBfRMSEa7GqK2VBGUzgjNYMdPIfotyPA==}

  axios@1.7.7:
    resolution: {integrity: sha512-S4kL7XrjgBmvdGut0sN3yJxqYzrDOnivkBiN0OFs6hLiUam3UPvswUo0kqGyhqUZGEOytHyumEdXsAkgCOUf3Q==}

  balanced-match@1.0.2:
    resolution: {integrity: sha512-3oSeUO0TMV67hN1AmbXsK4yaqU7tjiHlbxRDZOpH0KW9+CeX4bRAaX0Anxt0tx2MrpRpWwQaPwIlISEJhYU5Pw==}

  bowser@2.11.0:
    resolution: {integrity: sha512-AlcaJBi/pqqJBIQ8U9Mcpc9i8Aqxn88Skv5d+xBX006BY5u8N3mGLHa5Lgppa7L/HfwgwLgZ6NYs+Ag6uUmJRA==}

  brace-expansion@2.0.1:
    resolution: {integrity: sha512-XnAIvQ8eM+kC6aULx6wuQiwVsnzsi9d3WxzV3FpWTGA19F621kwdbsAcFKXgKUHZWsy+mY6iL1sHTxWEFCytDA==}

  chalk@4.1.2:
    resolution: {integrity: sha512-oKnbhFyRIXpUuez8iBMmyEa4nbj4IOQyuhc/wy9kY7/WVPcwIO9VA668Pu8RkO7+0G76SLROeyw9CpQ061i4mA==}
    engines: {node: '>=10'}

  cli-table@0.3.11:
    resolution: {integrity: sha512-IqLQi4lO0nIB4tcdTpN4LCB9FI3uqrJZK7RC515EnhZ6qBaglkIgICb1wjeAqpdoOabm1+SuQtkXIPdYC93jhQ==}
    engines: {node: '>= 0.2.0'}

  color-convert@2.0.1:
    resolution: {integrity: sha512-RRECPsj7iu/xb5oKYcsFHSppFNnsj/52OVTRKb4zP5onXwVF3zVmmToNcOfGC+CRDpfK/U584fMg38ZHCaElKQ==}
    engines: {node: '>=7.0.0'}

  color-name@1.1.4:
    resolution: {integrity: sha512-dOy+3AuW3a2wNbZHIuMZpTcgjGuLU/uBL/ubcZF9OXbDo8ff4O8yVp5Bf0efS8uEoYo5q4Fx7dY9OgQGXgAsQA==}

  colors@1.0.3:
    resolution: {integrity: sha512-pFGrxThWcWQ2MsAz6RtgeWe4NK2kUE1WfsrvvlctdII745EW9I0yflqhe7++M5LEc7bV2c/9/5zc8sFcpL0Drw==}
    engines: {node: '>=0.1.90'}

  combined-stream@1.0.8:
    resolution: {integrity: sha512-FQN4MRfuJeHf7cBbBMJFXhKSDq+2kAArBlmRBvcvFE5BB1HZKXtSFASDhdlz9zOYwxh8lDdnvmMOe/+5cdoEdg==}
    engines: {node: '>= 0.8'}

  cross-spawn@7.0.5:
    resolution: {integrity: sha512-ZVJrKKYunU38/76t0RMOulHOnUcbU9GbpWKAOZ0mhjr7CX6FVrH+4FrAapSOekrgFQ3f/8gwMEuIft0aKq6Hug==}
    engines: {node: '>= 8'}

  delayed-stream@1.0.0:
    resolution: {integrity: sha512-ZySD7Nf91aLB0RxL4KGrKHBXl7Eds1DAmEdcoVawXnLD7SDhpNgtuII2aAkg7a7QS41jxPSZ17p4VdGnMHk3MQ==}
    engines: {node: '>=0.4.0'}

  eastasianwidth@0.2.0:
    resolution: {integrity: sha512-I88TYZWc9XiYHRQ4/3c5rjjfgkjhLyW2luGIheGERbNQ6OY7yTybanSpDXZa8y7VUP9YmDcYa+eyq4ca7iLqWA==}

  emoji-regex@8.0.0:
    resolution: {integrity: sha512-MSjYzcWNOA0ewAHpz0MxpYFvwg6yjy1NG3xteoqz644VCo/RPgnr1/GGt+ic3iJTzQ8Eu3TdM14SawnVUmGE6A==}

  emoji-regex@9.2.2:
    resolution: {integrity: sha512-L18DaJsXSUk2+42pv8mLs5jJT2hqFkFE4j21wOmgbUqsZ2hL72NsUU785g9RXgo3s0ZNgVl42TiHp3ZtOv/Vyg==}

  fast-xml-parser@4.4.1:
    resolution: {integrity: sha512-xkjOecfnKGkSsOwtZ5Pz7Us/T6mrbPQrq0nh+aCO5V9nk5NLWmasAHumTKjiPJPWANe+kAZ84Jc8ooJkzZ88Sw==}
    hasBin: true

  follow-redirects@1.15.9:
    resolution: {integrity: sha512-gew4GsXizNgdoRyqmyfMHyAmXsZDk6mHkSxZFCzW9gwlbtOW44CDtYavM+y+72qD/Vq2l550kMF52DT8fOLJqQ==}
    engines: {node: '>=4.0'}
    peerDependencies:
      debug: '*'
    peerDependenciesMeta:
      debug:
        optional: true

  foreground-child@3.3.0:
    resolution: {integrity: sha512-Ld2g8rrAyMYFXBhEqMz8ZAHBi4J4uS1i/CxGMDnjyFWddMXLVcDp051DZfu+t7+ab7Wv6SMqpWmyFIj5UbfFvg==}
    engines: {node: '>=14'}

  form-data@4.0.1:
    resolution: {integrity: sha512-tzN8e4TX8+kkxGPK8D5u0FNmjPUjw3lwC9lSLxxoB/+GtsJG91CO8bSWy73APlgAZzZbXEYZJuxjkHH2w+Ezhw==}
    engines: {node: '>= 6'}

  glob@10.4.5:
    resolution: {integrity: sha512-7Bv8RF0k6xjo7d4A/PxYLbUCfb6c+Vpd2/mB2yRDlew7Jb5hEXiCD9ibfO7wpk8i4sevK6DFny9h7EYbM3/sHg==}
    hasBin: true

  has-flag@4.0.0:
    resolution: {integrity: sha512-EykJT/Q1KjTWctppgIAgfSO0tKVuZUjhgMr17kqTumMl6Afv3EISleU7qZUzoXDFTAHTDC4NOoG/ZxU3EvlMPQ==}
    engines: {node: '>=8'}

  is-fullwidth-code-point@3.0.0:
    resolution: {integrity: sha512-zymm5+u+sCsSWyD9qNaejV3DFvhCKclKdizYaJUuHA83RLjb7nSuGnddCHGv0hk+KY7BMAlsWeK4Ueg6EV6XQg==}
    engines: {node: '>=8'}

  isexe@2.0.0:
    resolution: {integrity: sha512-RHxMLp9lnKHGHRng9QFhRCMbYAcVpn69smSGcq3f36xjgVVWThj4qqLbTLlq7Ssj8B+fIQ1EuCEGI2lKsyQeIw==}

  jackspeak@3.4.3:
    resolution: {integrity: sha512-OGlZQpz2yfahA/Rd1Y8Cd9SIEsqvXkLVoSw/cgwhnhFMDbsQFeZYoJJ7bIZBS9BcamUW96asq/npPWugM+RQBw==}

  lru-cache@10.4.3:
    resolution: {integrity: sha512-JNAzZcXrCt42VGLuYz0zfAzDfAvJWW6AfYlDBQyDV5DClI2m5sAmK+OIO7s59XfsRsWHp02jAJrRadPRGTt6SQ==}

  mime-db@1.52.0:
    resolution: {integrity: sha512-sPU4uV7dYlvtWJxwwxHD0PuihVNiE7TyAbQ5SWxDCB9mUYvOgroQOwYQQOKPJ8CIbE+1ETVlOoK1UC2nU3gYvg==}
    engines: {node: '>= 0.6'}

  mime-types@2.1.35:
    resolution: {integrity: sha512-ZDY+bPm5zTTF+YpCrAU9nK0UgICYPT0QtT1NZWFv4s++TNkcgVaT0g6+4R2uI4MjQjzysHB1zxuWL50hzaeXiw==}
    engines: {node: '>= 0.6'}

  minimatch@9.0.5:
    resolution: {integrity: sha512-G6T0ZX48xgozx7587koeX9Ys2NYy6Gmv//P89sEte9V9whIapMNF4idKxnW2QtCcLiTWlb/wfCabAtAFWhhBow==}
    engines: {node: '>=16 || 14 >=14.17'}

  minipass@7.1.2:
    resolution: {integrity: sha512-qOOzS1cBTWYF4BH8fVePDBOO9iptMnGUEZwNc/cMWnTV2nVLZ7VoNWEPHkYczZA0pdoA7dl6e7FL659nX9S2aw==}
    engines: {node: '>=16 || 14 >=14.17'}

  package-json-from-dist@1.0.1:
    resolution: {integrity: sha512-UEZIS3/by4OC8vL3P2dTXRETpebLI2NiI5vIrjaD/5UtrkFX/tNbwjTSRAGC/+7CAo2pIcBaRgWmcBBHcsaCIw==}

  path-key@3.1.1:
    resolution: {integrity: sha512-ojmeN0qd+y0jszEtoY48r0Peq5dwMEkIlCOu6Q5f41lfkswXuKtYrhgoTpLnyIcHm24Uhqx+5Tqm2InSwLhE6Q==}
    engines: {node: '>=8'}

  path-scurry@1.11.1:
    resolution: {integrity: sha512-Xa4Nw17FS9ApQFJ9umLiJS4orGjm7ZzwUrwamcGQuHSzDyth9boKDaycYdDcZDuqYATXw4HFXgaqWTctW/v1HA==}
    engines: {node: '>=16 || 14 >=14.18'}

  proxy-from-env@1.1.0:
    resolution: {integrity: sha512-D+zkORCbA9f1tdWRK0RaCR3GPv50cMxcrz4X8k5LTSUD1Dkw47mKJEZQNunItRTkWwgtaUSo1RVFRIG9ZXiFYg==}

  rimraf@5.0.10:
    resolution: {integrity: sha512-l0OE8wL34P4nJH/H2ffoaniAokM2qSmrtXHmlpvYr5AVVX8msAyW0l8NVJFDxlSK4u3Uh/f41cQheDVdnYijwQ==}
    hasBin: true

  sax@1.4.1:
    resolution: {integrity: sha512-+aWOz7yVScEGoKNd4PA10LZ8sk0A/z5+nXQG5giUO5rprX9jgYsTdov9qCchZiPIZezbZH+jRut8nPodFAX4Jg==}

  serverless@4.4.7:
    resolution: {integrity: sha512-EyAIebojV8gVdotS4PrR/IXXAMHVK04hh29jrUdGkZu6j8PLLspizCx/kxX5gBJHw9oYlCud0l1R7JLr3YQ71g==}
    engines: {node: '>=18.0.0'}
    hasBin: true

  shebang-command@2.0.0:
    resolution: {integrity: sha512-kHxr2zZpYtdmrN1qDjrrX/Z1rR1kG8Dx+gkpK1G4eXmvXswmcE1hTWBWYUzlraYw1/yZp6YuDY77YtvbN0dmDA==}
    engines: {node: '>=8'}

  shebang-regex@3.0.0:
    resolution: {integrity: sha512-7++dFhtcx3353uBaq8DDR4NuxBetBzC7ZQOhmTQInHEd6bSrXdiEyzCvG07Z44UYdLShWUyXt5M/yhz8ekcb1A==}
    engines: {node: '>=8'}

  signal-exit@4.1.0:
    resolution: {integrity: sha512-bzyZ1e88w9O1iNJbKnOlvYTrWPDl46O1bG0D3XInv+9tkPrxrN8jUUTiFlDkkmKWgn1M6CfIA13SuGqOa9Korw==}
    engines: {node: '>=14'}

  string-width@4.2.3:
    resolution: {integrity: sha512-wKyQRQpjJ0sIp62ErSZdGsjMJWsap5oRNihHhu6G7JVO/9jIB6UyevL+tXuOqrng8j/cxKTWyWUwvSTriiZz/g==}
    engines: {node: '>=8'}

  string-width@5.1.2:
    resolution: {integrity: sha512-HnLOCR3vjcY8beoNLtcjZ5/nxn2afmME6lhrDrebokqMap+XbeW8n9TXpPDOqdGK5qcI3oT0GKTW6wC7EMiVqA==}
    engines: {node: '>=12'}

  strip-ansi@6.0.1:
    resolution: {integrity: sha512-Y38VPSHcqkFrCpFnQ9vuSXmquuv5oXOKpGeT6aGrr3o3Gc9AlVa6JBfUSOCnbxGGZF+/0ooI7KrPuUSztUdU5A==}
    engines: {node: '>=8'}

  strip-ansi@7.1.0:
    resolution: {integrity: sha512-iq6eVVI64nQQTRYq2KtEg2d2uU7LElhTJwsH4YzIHZshxlgZms/wIc4VoDQTlG/IvVIrBKG06CrZnp0qv7hkcQ==}
    engines: {node: '>=12'}

  strnum@1.0.5:
    resolution: {integrity: sha512-J8bbNyKKXl5qYcR36TIO8W3mVGVHrmmxsd5PAItGkmyzwJvybiw2IVq5nqd0i4LSNSkB/sx9VHllbfFdr9k1JA==}

  supports-color@7.2.0:
    resolution: {integrity: sha512-qpCAvRl9stuOHveKsn7HncJRvv501qIacKzQlO/+Lwxc9+0q2wLyv4Dfvt80/DPn2pqOBsJdDiogXGR9+OvwRw==}
    engines: {node: '>=8'}

  tslib@2.8.1:
    resolution: {integrity: sha512-oJFu94HQb+KVduSUQL7wnpmqnfmLsOA/nAh6b6EH0wCEoK0/mPeXU6c3wKDV83MkOuHPRHtSXKKU99IBazS/2w==}

  tunnel@0.0.6:
    resolution: {integrity: sha512-1h/Lnq9yajKY2PEbBadPXj3VxsDDu844OnaAo52UVmIzIvwwtBPIuNvkjuzBlTWpfJyUbG3ez0KSBibQkj4ojg==}
    engines: {node: '>=0.6.11 <=0.7.0 || >=0.7.3'}

  uuid@9.0.1:
    resolution: {integrity: sha512-b+1eJOlsR9K8HJpow9Ok3fiWOWSIcIzXodvv0rQjVoOVNpWMpxf1wZNpt4y9h10odCNrqnYp1OBzRktckBe3sA==}
    hasBin: true

  which@2.0.2:
    resolution: {integrity: sha512-BLI3Tl1TW3Pvl70l3yq3Y64i+awpwXqsGBYWkkqMtnbXgrMD+yj7rhW0kuEDxzJaYXGjEW5ogapKNMEKNMjibA==}
    engines: {node: '>= 8'}
    hasBin: true

  wrap-ansi@7.0.0:
    resolution: {integrity: sha512-YVGIj2kamLSTxw6NsZjoBxfSwsn0ycdesmc4p+Q21c5zPuZ1pl+NfxVdxPtdHvmNVOQ6XSYG4AUtyt/Fi7D16Q==}
    engines: {node: '>=10'}

  wrap-ansi@8.1.0:
    resolution: {integrity: sha512-si7QWI6zUMq56bESFvagtmzMdGOtoxfR+Sez11Mobfc7tm+VkUckk9bW2UeffTGVUbOksxmSw0AA2gs8g71NCQ==}
    engines: {node: '>=12'}

  xml2js@0.6.2:
    resolution: {integrity: sha512-T4rieHaC1EXcES0Kxxj4JWgaUQHDk+qwHcYOCFHfiwKz7tOVPLq7Hjq9dM1WCMhylqMEfP7hMcOIChvotiZegA==}
    engines: {node: '>=4.0.0'}

  xmlbuilder@11.0.1:
    resolution: {integrity: sha512-fDlsI/kFEx7gLvbecc0/ohLG50fugQp8ryHzMTuW9vSa1GJ0XYWKnhsUx7oie3G98+r56aTQIUB4kht42R3JvA==}
    engines: {node: '>=4.0'}

snapshots:

  '@aws-crypto/sha256-browser@5.2.0':
    dependencies:
      '@aws-crypto/sha256-js': 5.2.0
      '@aws-crypto/supports-web-crypto': 5.2.0
      '@aws-crypto/util': 5.2.0
      '@aws-sdk/types': 3.686.0
      '@aws-sdk/util-locate-window': 3.679.0
      '@smithy/util-utf8': 2.3.0
      tslib: 2.8.1

  '@aws-crypto/sha256-js@5.2.0':
    dependencies:
      '@aws-crypto/util': 5.2.0
      '@aws-sdk/types': 3.686.0
      tslib: 2.8.1

  '@aws-crypto/supports-web-crypto@5.2.0':
    dependencies:
      tslib: 2.8.1

  '@aws-crypto/util@5.2.0':
    dependencies:
      '@aws-sdk/types': 3.686.0
      '@smithy/util-utf8': 2.3.0
      tslib: 2.8.1

  '@aws-sdk/client-ses@3.687.0':
    dependencies:
      '@aws-crypto/sha256-browser': 5.2.0
      '@aws-crypto/sha256-js': 5.2.0
      '@aws-sdk/client-sso-oidc': 3.687.0(@aws-sdk/client-sts@3.687.0)
      '@aws-sdk/client-sts': 3.687.0
      '@aws-sdk/core': 3.686.0
      '@aws-sdk/credential-provider-node': 3.687.0(@aws-sdk/client-sso-oidc@3.687.0(@aws-sdk/client-sts@3.687.0))(@aws-sdk/client-sts@3.687.0)
      '@aws-sdk/middleware-host-header': 3.686.0
      '@aws-sdk/middleware-logger': 3.686.0
      '@aws-sdk/middleware-recursion-detection': 3.686.0
      '@aws-sdk/middleware-user-agent': 3.687.0
      '@aws-sdk/region-config-resolver': 3.686.0
      '@aws-sdk/types': 3.686.0
      '@aws-sdk/util-endpoints': 3.686.0
      '@aws-sdk/util-user-agent-browser': 3.686.0
      '@aws-sdk/util-user-agent-node': 3.687.0
      '@smithy/config-resolver': 3.0.10
      '@smithy/core': 2.5.1
      '@smithy/fetch-http-handler': 4.0.0
      '@smithy/hash-node': 3.0.8
      '@smithy/invalid-dependency': 3.0.8
      '@smithy/middleware-content-length': 3.0.10
      '@smithy/middleware-endpoint': 3.2.1
      '@smithy/middleware-retry': 3.0.25
      '@smithy/middleware-serde': 3.0.8
      '@smithy/middleware-stack': 3.0.8
      '@smithy/node-config-provider': 3.1.9
      '@smithy/node-http-handler': 3.2.5
      '@smithy/protocol-http': 4.1.5
      '@smithy/smithy-client': 3.4.2
      '@smithy/types': 3.6.0
      '@smithy/url-parser': 3.0.8
      '@smithy/util-base64': 3.0.0
      '@smithy/util-body-length-browser': 3.0.0
      '@smithy/util-body-length-node': 3.0.0
      '@smithy/util-defaults-mode-browser': 3.0.25
      '@smithy/util-defaults-mode-node': 3.0.25
      '@smithy/util-endpoints': 2.1.4
      '@smithy/util-middleware': 3.0.8
      '@smithy/util-retry': 3.0.8
      '@smithy/util-utf8': 3.0.0
      '@smithy/util-waiter': 3.1.7
      tslib: 2.8.1
    transitivePeerDependencies:
      - aws-crt

  '@aws-sdk/client-sso-oidc@3.687.0(@aws-sdk/client-sts@3.687.0)':
    dependencies:
      '@aws-crypto/sha256-browser': 5.2.0
      '@aws-crypto/sha256-js': 5.2.0
      '@aws-sdk/client-sts': 3.687.0
      '@aws-sdk/core': 3.686.0
      '@aws-sdk/credential-provider-node': 3.687.0(@aws-sdk/client-sso-oidc@3.687.0(@aws-sdk/client-sts@3.687.0))(@aws-sdk/client-sts@3.687.0)
      '@aws-sdk/middleware-host-header': 3.686.0
      '@aws-sdk/middleware-logger': 3.686.0
      '@aws-sdk/middleware-recursion-detection': 3.686.0
      '@aws-sdk/middleware-user-agent': 3.687.0
      '@aws-sdk/region-config-resolver': 3.686.0
      '@aws-sdk/types': 3.686.0
      '@aws-sdk/util-endpoints': 3.686.0
      '@aws-sdk/util-user-agent-browser': 3.686.0
      '@aws-sdk/util-user-agent-node': 3.687.0
      '@smithy/config-resolver': 3.0.10
      '@smithy/core': 2.5.1
      '@smithy/fetch-http-handler': 4.0.0
      '@smithy/hash-node': 3.0.8
      '@smithy/invalid-dependency': 3.0.8
      '@smithy/middleware-content-length': 3.0.10
      '@smithy/middleware-endpoint': 3.2.1
      '@smithy/middleware-retry': 3.0.25
      '@smithy/middleware-serde': 3.0.8
      '@smithy/middleware-stack': 3.0.8
      '@smithy/node-config-provider': 3.1.9
      '@smithy/node-http-handler': 3.2.5
      '@smithy/protocol-http': 4.1.5
      '@smithy/smithy-client': 3.4.2
      '@smithy/types': 3.6.0
      '@smithy/url-parser': 3.0.8
      '@smithy/util-base64': 3.0.0
      '@smithy/util-body-length-browser': 3.0.0
      '@smithy/util-body-length-node': 3.0.0
      '@smithy/util-defaults-mode-browser': 3.0.25
      '@smithy/util-defaults-mode-node': 3.0.25
      '@smithy/util-endpoints': 2.1.4
      '@smithy/util-middleware': 3.0.8
      '@smithy/util-retry': 3.0.8
      '@smithy/util-utf8': 3.0.0
      tslib: 2.8.1
    transitivePeerDependencies:
      - aws-crt

  '@aws-sdk/client-sso@3.687.0':
    dependencies:
      '@aws-crypto/sha256-browser': 5.2.0
      '@aws-crypto/sha256-js': 5.2.0
      '@aws-sdk/core': 3.686.0
      '@aws-sdk/middleware-host-header': 3.686.0
      '@aws-sdk/middleware-logger': 3.686.0
      '@aws-sdk/middleware-recursion-detection': 3.686.0
      '@aws-sdk/middleware-user-agent': 3.687.0
      '@aws-sdk/region-config-resolver': 3.686.0
      '@aws-sdk/types': 3.686.0
      '@aws-sdk/util-endpoints': 3.686.0
      '@aws-sdk/util-user-agent-browser': 3.686.0
      '@aws-sdk/util-user-agent-node': 3.687.0
      '@smithy/config-resolver': 3.0.10
      '@smithy/core': 2.5.1
      '@smithy/fetch-http-handler': 4.0.0
      '@smithy/hash-node': 3.0.8
      '@smithy/invalid-dependency': 3.0.8
      '@smithy/middleware-content-length': 3.0.10
      '@smithy/middleware-endpoint': 3.2.1
      '@smithy/middleware-retry': 3.0.25
      '@smithy/middleware-serde': 3.0.8
      '@smithy/middleware-stack': 3.0.8
      '@smithy/node-config-provider': 3.1.9
      '@smithy/node-http-handler': 3.2.5
      '@smithy/protocol-http': 4.1.5
      '@smithy/smithy-client': 3.4.2
      '@smithy/types': 3.6.0
      '@smithy/url-parser': 3.0.8
      '@smithy/util-base64': 3.0.0
      '@smithy/util-body-length-browser': 3.0.0
      '@smithy/util-body-length-node': 3.0.0
      '@smithy/util-defaults-mode-browser': 3.0.25
      '@smithy/util-defaults-mode-node': 3.0.25
      '@smithy/util-endpoints': 2.1.4
      '@smithy/util-middleware': 3.0.8
      '@smithy/util-retry': 3.0.8
      '@smithy/util-utf8': 3.0.0
      tslib: 2.8.1
    transitivePeerDependencies:
      - aws-crt

  '@aws-sdk/client-sts@3.687.0':
    dependencies:
      '@aws-crypto/sha256-browser': 5.2.0
      '@aws-crypto/sha256-js': 5.2.0
      '@aws-sdk/client-sso-oidc': 3.687.0(@aws-sdk/client-sts@3.687.0)
      '@aws-sdk/core': 3.686.0
      '@aws-sdk/credential-provider-node': 3.687.0(@aws-sdk/client-sso-oidc@3.687.0(@aws-sdk/client-sts@3.687.0))(@aws-sdk/client-sts@3.687.0)
      '@aws-sdk/middleware-host-header': 3.686.0
      '@aws-sdk/middleware-logger': 3.686.0
      '@aws-sdk/middleware-recursion-detection': 3.686.0
      '@aws-sdk/middleware-user-agent': 3.687.0
      '@aws-sdk/region-config-resolver': 3.686.0
      '@aws-sdk/types': 3.686.0
      '@aws-sdk/util-endpoints': 3.686.0
      '@aws-sdk/util-user-agent-browser': 3.686.0
      '@aws-sdk/util-user-agent-node': 3.687.0
      '@smithy/config-resolver': 3.0.10
      '@smithy/core': 2.5.1
      '@smithy/fetch-http-handler': 4.0.0
      '@smithy/hash-node': 3.0.8
      '@smithy/invalid-dependency': 3.0.8
      '@smithy/middleware-content-length': 3.0.10
      '@smithy/middleware-endpoint': 3.2.1
      '@smithy/middleware-retry': 3.0.25
      '@smithy/middleware-serde': 3.0.8
      '@smithy/middleware-stack': 3.0.8
      '@smithy/node-config-provider': 3.1.9
      '@smithy/node-http-handler': 3.2.5
      '@smithy/protocol-http': 4.1.5
      '@smithy/smithy-client': 3.4.2
      '@smithy/types': 3.6.0
      '@smithy/url-parser': 3.0.8
      '@smithy/util-base64': 3.0.0
      '@smithy/util-body-length-browser': 3.0.0
      '@smithy/util-body-length-node': 3.0.0
      '@smithy/util-defaults-mode-browser': 3.0.25
      '@smithy/util-defaults-mode-node': 3.0.25
      '@smithy/util-endpoints': 2.1.4
      '@smithy/util-middleware': 3.0.8
      '@smithy/util-retry': 3.0.8
      '@smithy/util-utf8': 3.0.0
      tslib: 2.8.1
    transitivePeerDependencies:
      - aws-crt

  '@aws-sdk/core@3.686.0':
    dependencies:
      '@aws-sdk/types': 3.686.0
      '@smithy/core': 2.5.1
      '@smithy/node-config-provider': 3.1.9
      '@smithy/property-provider': 3.1.8
      '@smithy/protocol-http': 4.1.5
      '@smithy/signature-v4': 4.2.1
      '@smithy/smithy-client': 3.4.2
      '@smithy/types': 3.6.0
      '@smithy/util-middleware': 3.0.8
      fast-xml-parser: 4.4.1
      tslib: 2.8.1

  '@aws-sdk/credential-provider-env@3.686.0':
    dependencies:
      '@aws-sdk/core': 3.686.0
      '@aws-sdk/types': 3.686.0
      '@smithy/property-provider': 3.1.8
      '@smithy/types': 3.6.0
      tslib: 2.8.1

  '@aws-sdk/credential-provider-http@3.686.0':
    dependencies:
      '@aws-sdk/core': 3.686.0
      '@aws-sdk/types': 3.686.0
      '@smithy/fetch-http-handler': 4.0.0
      '@smithy/node-http-handler': 3.2.5
      '@smithy/property-provider': 3.1.8
      '@smithy/protocol-http': 4.1.5
      '@smithy/smithy-client': 3.4.2
      '@smithy/types': 3.6.0
      '@smithy/util-stream': 3.2.1
      tslib: 2.8.1

  '@aws-sdk/credential-provider-ini@3.687.0(@aws-sdk/client-sso-oidc@3.687.0(@aws-sdk/client-sts@3.687.0))(@aws-sdk/client-sts@3.687.0)':
    dependencies:
      '@aws-sdk/client-sts': 3.687.0
      '@aws-sdk/core': 3.686.0
      '@aws-sdk/credential-provider-env': 3.686.0
      '@aws-sdk/credential-provider-http': 3.686.0
      '@aws-sdk/credential-provider-process': 3.686.0
      '@aws-sdk/credential-provider-sso': 3.687.0(@aws-sdk/client-sso-oidc@3.687.0(@aws-sdk/client-sts@3.687.0))
      '@aws-sdk/credential-provider-web-identity': 3.686.0(@aws-sdk/client-sts@3.687.0)
      '@aws-sdk/types': 3.686.0
      '@smithy/credential-provider-imds': 3.2.5
      '@smithy/property-provider': 3.1.8
      '@smithy/shared-ini-file-loader': 3.1.9
      '@smithy/types': 3.6.0
      tslib: 2.8.1
    transitivePeerDependencies:
      - '@aws-sdk/client-sso-oidc'
      - aws-crt

  '@aws-sdk/credential-provider-node@3.687.0(@aws-sdk/client-sso-oidc@3.687.0(@aws-sdk/client-sts@3.687.0))(@aws-sdk/client-sts@3.687.0)':
    dependencies:
      '@aws-sdk/credential-provider-env': 3.686.0
      '@aws-sdk/credential-provider-http': 3.686.0
      '@aws-sdk/credential-provider-ini': 3.687.0(@aws-sdk/client-sso-oidc@3.687.0(@aws-sdk/client-sts@3.687.0))(@aws-sdk/client-sts@3.687.0)
      '@aws-sdk/credential-provider-process': 3.686.0
      '@aws-sdk/credential-provider-sso': 3.687.0(@aws-sdk/client-sso-oidc@3.687.0(@aws-sdk/client-sts@3.687.0))
      '@aws-sdk/credential-provider-web-identity': 3.686.0(@aws-sdk/client-sts@3.687.0)
      '@aws-sdk/types': 3.686.0
      '@smithy/credential-provider-imds': 3.2.5
      '@smithy/property-provider': 3.1.8
      '@smithy/shared-ini-file-loader': 3.1.9
      '@smithy/types': 3.6.0
      tslib: 2.8.1
    transitivePeerDependencies:
      - '@aws-sdk/client-sso-oidc'
      - '@aws-sdk/client-sts'
      - aws-crt

  '@aws-sdk/credential-provider-process@3.686.0':
    dependencies:
      '@aws-sdk/core': 3.686.0
      '@aws-sdk/types': 3.686.0
      '@smithy/property-provider': 3.1.8
      '@smithy/shared-ini-file-loader': 3.1.9
      '@smithy/types': 3.6.0
      tslib: 2.8.1

  '@aws-sdk/credential-provider-sso@3.687.0(@aws-sdk/client-sso-oidc@3.687.0(@aws-sdk/client-sts@3.687.0))':
    dependencies:
      '@aws-sdk/client-sso': 3.687.0
      '@aws-sdk/core': 3.686.0
      '@aws-sdk/token-providers': 3.686.0(@aws-sdk/client-sso-oidc@3.687.0(@aws-sdk/client-sts@3.687.0))
      '@aws-sdk/types': 3.686.0
      '@smithy/property-provider': 3.1.8
      '@smithy/shared-ini-file-loader': 3.1.9
      '@smithy/types': 3.6.0
      tslib: 2.8.1
    transitivePeerDependencies:
      - '@aws-sdk/client-sso-oidc'
      - aws-crt

  '@aws-sdk/credential-provider-web-identity@3.686.0(@aws-sdk/client-sts@3.687.0)':
    dependencies:
      '@aws-sdk/client-sts': 3.687.0
      '@aws-sdk/core': 3.686.0
      '@aws-sdk/types': 3.686.0
      '@smithy/property-provider': 3.1.8
      '@smithy/types': 3.6.0
      tslib: 2.8.1

  '@aws-sdk/middleware-host-header@3.686.0':
    dependencies:
      '@aws-sdk/types': 3.686.0
      '@smithy/protocol-http': 4.1.5
      '@smithy/types': 3.6.0
      tslib: 2.8.1

  '@aws-sdk/middleware-logger@3.686.0':
    dependencies:
      '@aws-sdk/types': 3.686.0
      '@smithy/types': 3.6.0
      tslib: 2.8.1

  '@aws-sdk/middleware-recursion-detection@3.686.0':
    dependencies:
      '@aws-sdk/types': 3.686.0
      '@smithy/protocol-http': 4.1.5
      '@smithy/types': 3.6.0
      tslib: 2.8.1

  '@aws-sdk/middleware-user-agent@3.687.0':
    dependencies:
      '@aws-sdk/core': 3.686.0
      '@aws-sdk/types': 3.686.0
      '@aws-sdk/util-endpoints': 3.686.0
      '@smithy/core': 2.5.1
      '@smithy/protocol-http': 4.1.5
      '@smithy/types': 3.6.0
      tslib: 2.8.1

  '@aws-sdk/region-config-resolver@3.686.0':
    dependencies:
      '@aws-sdk/types': 3.686.0
      '@smithy/node-config-provider': 3.1.9
      '@smithy/types': 3.6.0
      '@smithy/util-config-provider': 3.0.0
      '@smithy/util-middleware': 3.0.8
      tslib: 2.8.1

  '@aws-sdk/token-providers@3.686.0(@aws-sdk/client-sso-oidc@3.687.0(@aws-sdk/client-sts@3.687.0))':
    dependencies:
      '@aws-sdk/client-sso-oidc': 3.687.0(@aws-sdk/client-sts@3.687.0)
      '@aws-sdk/types': 3.686.0
      '@smithy/property-provider': 3.1.8
      '@smithy/shared-ini-file-loader': 3.1.9
      '@smithy/types': 3.6.0
      tslib: 2.8.1

  '@aws-sdk/types@3.686.0':
    dependencies:
      '@smithy/types': 3.6.0
      tslib: 2.8.1

  '@aws-sdk/util-endpoints@3.686.0':
    dependencies:
      '@aws-sdk/types': 3.686.0
      '@smithy/types': 3.6.0
      '@smithy/util-endpoints': 2.1.4
      tslib: 2.8.1

  '@aws-sdk/util-locate-window@3.679.0':
    dependencies:
      tslib: 2.8.1

  '@aws-sdk/util-user-agent-browser@3.686.0':
    dependencies:
      '@aws-sdk/types': 3.686.0
      '@smithy/types': 3.6.0
      bowser: 2.11.0
      tslib: 2.8.1

  '@aws-sdk/util-user-agent-node@3.687.0':
    dependencies:
      '@aws-sdk/middleware-user-agent': 3.687.0
      '@aws-sdk/types': 3.686.0
      '@smithy/node-config-provider': 3.1.9
      '@smithy/types': 3.6.0
      tslib: 2.8.1

  '@haftahave/serverless-ses-template@4.0.7':
    dependencies:
      chalk: 4.1.2
      cli-table: 0.3.11

  '@isaacs/cliui@8.0.2':
    dependencies:
      string-width: 5.1.2
      string-width-cjs: string-width@4.2.3
      strip-ansi: 7.1.0
      strip-ansi-cjs: strip-ansi@6.0.1
      wrap-ansi: 8.1.0
      wrap-ansi-cjs: wrap-ansi@7.0.0

  '@pkgjs/parseargs@0.11.0':
    optional: true

  '@smithy/abort-controller@3.1.6':
    dependencies:
      '@smithy/types': 3.6.0
      tslib: 2.8.1

  '@smithy/config-resolver@3.0.10':
    dependencies:
      '@smithy/node-config-provider': 3.1.9
      '@smithy/types': 3.6.0
      '@smithy/util-config-provider': 3.0.0
      '@smithy/util-middleware': 3.0.8
      tslib: 2.8.1

  '@smithy/core@2.5.1':
    dependencies:
      '@smithy/middleware-serde': 3.0.8
      '@smithy/protocol-http': 4.1.5
      '@smithy/types': 3.6.0
      '@smithy/util-body-length-browser': 3.0.0
      '@smithy/util-middleware': 3.0.8
      '@smithy/util-stream': 3.2.1
      '@smithy/util-utf8': 3.0.0
      tslib: 2.8.1

  '@smithy/credential-provider-imds@3.2.5':
    dependencies:
      '@smithy/node-config-provider': 3.1.9
      '@smithy/property-provider': 3.1.8
      '@smithy/types': 3.6.0
      '@smithy/url-parser': 3.0.8
      tslib: 2.8.1

  '@smithy/fetch-http-handler@4.0.0':
    dependencies:
      '@smithy/protocol-http': 4.1.5
      '@smithy/querystring-builder': 3.0.8
      '@smithy/types': 3.6.0
      '@smithy/util-base64': 3.0.0
      tslib: 2.8.1

  '@smithy/hash-node@3.0.8':
    dependencies:
      '@smithy/types': 3.6.0
      '@smithy/util-buffer-from': 3.0.0
      '@smithy/util-utf8': 3.0.0
      tslib: 2.8.1

  '@smithy/invalid-dependency@3.0.8':
    dependencies:
      '@smithy/types': 3.6.0
      tslib: 2.8.1

  '@smithy/is-array-buffer@2.2.0':
    dependencies:
      tslib: 2.8.1

  '@smithy/is-array-buffer@3.0.0':
    dependencies:
      tslib: 2.8.1

  '@smithy/middleware-content-length@3.0.10':
    dependencies:
      '@smithy/protocol-http': 4.1.5
      '@smithy/types': 3.6.0
      tslib: 2.8.1

  '@smithy/middleware-endpoint@3.2.1':
    dependencies:
      '@smithy/core': 2.5.1
      '@smithy/middleware-serde': 3.0.8
      '@smithy/node-config-provider': 3.1.9
      '@smithy/shared-ini-file-loader': 3.1.9
      '@smithy/types': 3.6.0
      '@smithy/url-parser': 3.0.8
      '@smithy/util-middleware': 3.0.8
      tslib: 2.8.1

  '@smithy/middleware-retry@3.0.25':
    dependencies:
      '@smithy/node-config-provider': 3.1.9
      '@smithy/protocol-http': 4.1.5
      '@smithy/service-error-classification': 3.0.8
      '@smithy/smithy-client': 3.4.2
      '@smithy/types': 3.6.0
      '@smithy/util-middleware': 3.0.8
      '@smithy/util-retry': 3.0.8
      tslib: 2.8.1
      uuid: 9.0.1

  '@smithy/middleware-serde@3.0.8':
    dependencies:
      '@smithy/types': 3.6.0
      tslib: 2.8.1

  '@smithy/middleware-stack@3.0.8':
    dependencies:
      '@smithy/types': 3.6.0
      tslib: 2.8.1

  '@smithy/node-config-provider@3.1.9':
    dependencies:
      '@smithy/property-provider': 3.1.8
      '@smithy/shared-ini-file-loader': 3.1.9
      '@smithy/types': 3.6.0
      tslib: 2.8.1

  '@smithy/node-http-handler@3.2.5':
    dependencies:
      '@smithy/abort-controller': 3.1.6
      '@smithy/protocol-http': 4.1.5
      '@smithy/querystring-builder': 3.0.8
      '@smithy/types': 3.6.0
      tslib: 2.8.1

  '@smithy/property-provider@3.1.8':
    dependencies:
      '@smithy/types': 3.6.0
      tslib: 2.8.1

  '@smithy/protocol-http@4.1.5':
    dependencies:
      '@smithy/types': 3.6.0
      tslib: 2.8.1

  '@smithy/querystring-builder@3.0.8':
    dependencies:
      '@smithy/types': 3.6.0
      '@smithy/util-uri-escape': 3.0.0
      tslib: 2.8.1

  '@smithy/querystring-parser@3.0.8':
    dependencies:
      '@smithy/types': 3.6.0
      tslib: 2.8.1

  '@smithy/service-error-classification@3.0.8':
    dependencies:
      '@smithy/types': 3.6.0

  '@smithy/shared-ini-file-loader@3.1.9':
    dependencies:
      '@smithy/types': 3.6.0
      tslib: 2.8.1

  '@smithy/signature-v4@4.2.1':
    dependencies:
      '@smithy/is-array-buffer': 3.0.0
      '@smithy/protocol-http': 4.1.5
      '@smithy/types': 3.6.0
      '@smithy/util-hex-encoding': 3.0.0
      '@smithy/util-middleware': 3.0.8
      '@smithy/util-uri-escape': 3.0.0
      '@smithy/util-utf8': 3.0.0
      tslib: 2.8.1

  '@smithy/smithy-client@3.4.2':
    dependencies:
      '@smithy/core': 2.5.1
      '@smithy/middleware-endpoint': 3.2.1
      '@smithy/middleware-stack': 3.0.8
      '@smithy/protocol-http': 4.1.5
      '@smithy/types': 3.6.0
      '@smithy/util-stream': 3.2.1
      tslib: 2.8.1

  '@smithy/types@3.6.0':
    dependencies:
      tslib: 2.8.1

  '@smithy/url-parser@3.0.8':
    dependencies:
      '@smithy/querystring-parser': 3.0.8
      '@smithy/types': 3.6.0
      tslib: 2.8.1

  '@smithy/util-base64@3.0.0':
    dependencies:
      '@smithy/util-buffer-from': 3.0.0
      '@smithy/util-utf8': 3.0.0
      tslib: 2.8.1

  '@smithy/util-body-length-browser@3.0.0':
    dependencies:
      tslib: 2.8.1

  '@smithy/util-body-length-node@3.0.0':
    dependencies:
      tslib: 2.8.1

  '@smithy/util-buffer-from@2.2.0':
    dependencies:
      '@smithy/is-array-buffer': 2.2.0
      tslib: 2.8.1

  '@smithy/util-buffer-from@3.0.0':
    dependencies:
      '@smithy/is-array-buffer': 3.0.0
      tslib: 2.8.1

  '@smithy/util-config-provider@3.0.0':
    dependencies:
      tslib: 2.8.1

  '@smithy/util-defaults-mode-browser@3.0.25':
    dependencies:
      '@smithy/property-provider': 3.1.8
      '@smithy/smithy-client': 3.4.2
      '@smithy/types': 3.6.0
      bowser: 2.11.0
      tslib: 2.8.1

  '@smithy/util-defaults-mode-node@3.0.25':
    dependencies:
      '@smithy/config-resolver': 3.0.10
      '@smithy/credential-provider-imds': 3.2.5
      '@smithy/node-config-provider': 3.1.9
      '@smithy/property-provider': 3.1.8
      '@smithy/smithy-client': 3.4.2
      '@smithy/types': 3.6.0
      tslib: 2.8.1

  '@smithy/util-endpoints@2.1.4':
    dependencies:
      '@smithy/node-config-provider': 3.1.9
      '@smithy/types': 3.6.0
      tslib: 2.8.1

  '@smithy/util-hex-encoding@3.0.0':
    dependencies:
      tslib: 2.8.1

  '@smithy/util-middleware@3.0.8':
    dependencies:
      '@smithy/types': 3.6.0
      tslib: 2.8.1

  '@smithy/util-retry@3.0.8':
    dependencies:
      '@smithy/service-error-classification': 3.0.8
      '@smithy/types': 3.6.0
      tslib: 2.8.1

  '@smithy/util-stream@3.2.1':
    dependencies:
      '@smithy/fetch-http-handler': 4.0.0
      '@smithy/node-http-handler': 3.2.5
      '@smithy/types': 3.6.0
      '@smithy/util-base64': 3.0.0
      '@smithy/util-buffer-from': 3.0.0
      '@smithy/util-hex-encoding': 3.0.0
      '@smithy/util-utf8': 3.0.0
      tslib: 2.8.1

  '@smithy/util-uri-escape@3.0.0':
    dependencies:
      tslib: 2.8.1

  '@smithy/util-utf8@2.3.0':
    dependencies:
      '@smithy/util-buffer-from': 2.2.0
      tslib: 2.8.1

  '@smithy/util-utf8@3.0.0':
    dependencies:
      '@smithy/util-buffer-from': 3.0.0
      tslib: 2.8.1

  '@smithy/util-waiter@3.1.7':
    dependencies:
      '@smithy/abort-controller': 3.1.6
      '@smithy/types': 3.6.0
      tslib: 2.8.1

  ansi-regex@5.0.1: {}

  ansi-regex@6.1.0: {}

  ansi-styles@4.3.0:
    dependencies:
      color-convert: 2.0.1

  ansi-styles@6.2.1: {}

  asynckit@0.4.0: {}

  axios-proxy-builder@0.1.2:
    dependencies:
      tunnel: 0.0.6

  axios@1.7.7:
    dependencies:
      follow-redirects: 1.15.9
      form-data: 4.0.1
      proxy-from-env: 1.1.0
    transitivePeerDependencies:
      - debug

  balanced-match@1.0.2: {}

  bowser@2.11.0: {}

  brace-expansion@2.0.1:
    dependencies:
      balanced-match: 1.0.2

  chalk@4.1.2:
    dependencies:
      ansi-styles: 4.3.0
      supports-color: 7.2.0

  cli-table@0.3.11:
    dependencies:
      colors: 1.0.3

  color-convert@2.0.1:
    dependencies:
      color-name: 1.1.4

  color-name@1.1.4: {}

  colors@1.0.3: {}

  combined-stream@1.0.8:
    dependencies:
      delayed-stream: 1.0.0

  cross-spawn@7.0.5:
    dependencies:
      path-key: 3.1.1
      shebang-command: 2.0.0
      which: 2.0.2

  delayed-stream@1.0.0: {}

  eastasianwidth@0.2.0: {}

  emoji-regex@8.0.0: {}

  emoji-regex@9.2.2: {}

  fast-xml-parser@4.4.1:
    dependencies:
      strnum: 1.0.5

  follow-redirects@1.15.9: {}

  foreground-child@3.3.0:
    dependencies:
      cross-spawn: 7.0.5
      signal-exit: 4.1.0

  form-data@4.0.1:
    dependencies:
      asynckit: 0.4.0
      combined-stream: 1.0.8
      mime-types: 2.1.35

  glob@10.4.5:
    dependencies:
      foreground-child: 3.3.0
      jackspeak: 3.4.3
      minimatch: 9.0.5
      minipass: 7.1.2
      package-json-from-dist: 1.0.1
      path-scurry: 1.11.1

  has-flag@4.0.0: {}

  is-fullwidth-code-point@3.0.0: {}

  isexe@2.0.0: {}

  jackspeak@3.4.3:
    dependencies:
      '@isaacs/cliui': 8.0.2
    optionalDependencies:
      '@pkgjs/parseargs': 0.11.0

  lru-cache@10.4.3: {}

  mime-db@1.52.0: {}

  mime-types@2.1.35:
    dependencies:
      mime-db: 1.52.0

  minimatch@9.0.5:
    dependencies:
      brace-expansion: 2.0.1

  minipass@7.1.2: {}

  package-json-from-dist@1.0.1: {}

  path-key@3.1.1: {}

  path-scurry@1.11.1:
    dependencies:
      lru-cache: 10.4.3
      minipass: 7.1.2

  proxy-from-env@1.1.0: {}

  rimraf@5.0.10:
    dependencies:
      glob: 10.4.5

  sax@1.4.1: {}

  serverless@4.4.7:
    dependencies:
      axios: 1.7.7
      axios-proxy-builder: 0.1.2
      rimraf: 5.0.10
      xml2js: 0.6.2
    transitivePeerDependencies:
      - debug

  shebang-command@2.0.0:
    dependencies:
      shebang-regex: 3.0.0

  shebang-regex@3.0.0: {}

  signal-exit@4.1.0: {}

  string-width@4.2.3:
    dependencies:
      emoji-regex: 8.0.0
      is-fullwidth-code-point: 3.0.0
      strip-ansi: 6.0.1

  string-width@5.1.2:
    dependencies:
      eastasianwidth: 0.2.0
      emoji-regex: 9.2.2
      strip-ansi: 7.1.0

  strip-ansi@6.0.1:
    dependencies:
      ansi-regex: 5.0.1

  strip-ansi@7.1.0:
    dependencies:
      ansi-regex: 6.1.0

  strnum@1.0.5: {}

  supports-color@7.2.0:
    dependencies:
      has-flag: 4.0.0

  tslib@2.8.1: {}

  tunnel@0.0.6: {}

  uuid@9.0.1: {}

  which@2.0.2:
    dependencies:
      isexe: 2.0.0

  wrap-ansi@7.0.0:
    dependencies:
      ansi-styles: 4.3.0
      string-width: 4.2.3
      strip-ansi: 6.0.1

  wrap-ansi@8.1.0:
    dependencies:
      ansi-styles: 6.2.1
      string-width: 5.1.2
      strip-ansi: 7.1.0

  xml2js@0.6.2:
    dependencies:
      sax: 1.4.1
      xmlbuilder: 11.0.1

  xmlbuilder@11.0.1: {}
